{
  "name": "abc",
  "version": "1.0.0",
  "lockfileVersion": 3,
  "requires": true,
  "packages": {
    "": {
      "name": "abc",
      "version": "1.0.0",
      "license": "ISC",
      "dependencies": {
        "fast-check": "^4.6.0"
      }
    },
    "node_modules/fast-check": {
      "version": "4.6.0",
      "resolved": "https://registry.npmjs.org/fast-check/-/fast-check-4.6.0.tgz",
      "integrity": "sha512-h7H6Dm0Fy+H4ciQYFxFjXnXkzR2kr9Fb22c0UBpHnm59K2zpr2t13aPTHlltFiNT6zuxp6HMPAVVvgur4BLdpA==",
      "funding": [
        {
          "type": "individual",
          "url": "https://github.com/sponsors/dubzzz"
        },
        {
          "type": "opencollective",
          "url": "https://opencollective.com/fast-check"
        }
      ],
      "license": "MIT",
      "dependencies": {
        "pure-rand": "^8.0.0"
      },
      "engines": {
        "node": ">=12.17.0"
      }
    },
    "node_modules/pure-rand": {
      "version": "8.3.0",
      "resolved": "https://registry.npmjs.org/pure-rand/-/pure-rand-8.3.0.tgz",
      "integrity": "sha512-1ws1Ab8fnsf4bvpL+SujgBnr3KFs5abgCLVzavBp+f2n8Ld5YTOZlkv/ccYPhu3X9s+MEeqPRMqKlJz/kWDK8A==",
      "funding": [
        {
          "type": "individual",
          "url": "https://github.com/sponsors/dubzzz"
        },
        {
          "type": "opencollective",
          "url": "https://opencollective.com/fast-check"
        }
      ],
      "license": "MIT"
    }
  }
}
